
Microsoft Visual Studio Solution File, Format Version 12.00
# Visual Studio 15
VisualStudioVersion = 15.0.28010.2036
MinimumVisualStudioVersion = 10.0.40219.1
Project("{9A19103F-16F7-4668-BE54-9A1E7A4F7556}") = "AWMSEngine", "AWMSEngine\AWMSEngine.csproj", "{CF0D3166-2C4F-4591-9CA4-00C03FC7BC15}"
EndProject
Project("{9A19103F-16F7-4668-BE54-9A1E7A4F7556}") = "UnitTestProject1", "UnitTestProject1\UnitTestProject1.csproj", "{88DC9319-9BEE-4D5D-B50E-9F969BFED4AB}"
EndProject
Project("{9A19103F-16F7-4668-BE54-9A1E7A4F7556}") = "MyTest2", "MyTest2\MyTest2.csproj", "{00E3A86A-8738-4AA8-950C-F58B09408177}"
EndProject
Project("{9A19103F-16F7-4668-BE54-9A1E7A4F7556}") = "AMWUtil", "AMWUtil\AMWUtil.csproj", "{3A240D68-826A-4271-8CA5-C9058B6B6B8A}"
EndProject
Project("{9A19103F-16F7-4668-BE54-9A1E7A4F7556}") = "AWMSModel", "AWMSModel\AWMSModel.csproj", "{C212334F-94B2-4902-ADBB-D4E1B38BC63E}"
EndProject
Project("{9A19103F-16F7-4668-BE54-9A1E7A4F7556}") = "WCSSimAPI", "WCSSimAPI\WCSSimAPI.csproj", "{F11D4D96-C910-4EBA-A938-6DCF5B78153C}"
EndProject
Project("{9A19103F-16F7-4668-BE54-9A1E7A4F7556}") = "WebTest", "WebTest\WebTest.csproj", "{79C9A428-68D6-4078-BB77-C2EEE7468F6C}"
EndProject
Project("{9A19103F-16F7-4668-BE54-9A1E7A4F7556}") = "ProjectSTA", "ProjectSTA\ProjectSTA.csproj", "{BF01F812-9A3C-429D-AD90-A6BBC1FA3509}"
EndProject
Project("{9A19103F-16F7-4668-BE54-9A1E7A4F7556}") = "ProjectMRK", "ProjectMRK\ProjectMRK.csproj", "{7823FFB8-261A-40A6-9C82-1A9059581567}"
EndProject
Project("{9A19103F-16F7-4668-BE54-9A1E7A4F7556}") = "ProjectTAP", "ProjectTAP\ProjectTAP.csproj", "{EF15477A-3CAB-44DF-8D0A-C28FC7A7B830}"
EndProject
Project("{9A19103F-16F7-4668-BE54-9A1E7A4F7556}") = "ProjectAAI", "ProjectAAI\ProjectAAI.csproj", "{92885B42-2F76-447F-B41E-EC0ECDC761CC}"
EndProject
Project("{FAE04EC0-301F-11D3-BF4B-00C04F79EFBC}") = "SAPNCO", "SAPNCO\SAPNCO.csproj", "{698485D6-8232-4867-8CEC-DDA3A22AED41}"
EndProject
Project("{9A19103F-16F7-4668-BE54-9A1E7A4F7556}") = "RemoteFile", "RemoteFile\RemoteFile.csproj", "{E77B05ED-913A-4447-A9F3-29BB1BE142F3}"
EndProject
Project("{9A19103F-16F7-4668-BE54-9A1E7A4F7556}") = "ProjectPanKan", "ProjectPanKan\ProjectPanKan.csproj", "{9AE7F5BE-D0BF-4350-B72E-F63D12C84BB3}"
EndProject
Project("{9A19103F-16F7-4668-BE54-9A1E7A4F7556}") = "ProjectTMC", "ProjectTMC\ProjectTMC.csproj", "{A2072E0F-2802-48E6-A4F9-87B9EC92BDFE}"
EndProject
Project("{FAE04EC0-301F-11D3-BF4B-00C04F79EFBC}") = "ProjectSTGT", "ProjectSTGT\ProjectSTGT.csproj", "{F1703C73-62DD-4DF8-90BE-C66BC4317D7A}"
EndProject
Global
	GlobalSection(SolutionConfigurationPlatforms) = preSolution
		Debug|Any CPU = Debug|Any CPU
		Release|Any CPU = Release|Any CPU
	EndGlobalSection
	GlobalSection(ProjectConfigurationPlatforms) = postSolution
		{CF0D3166-2C4F-4591-9CA4-00C03FC7BC15}.Debug|Any CPU.ActiveCfg = Debug|Any CPU
		{CF0D3166-2C4F-4591-9CA4-00C03FC7BC15}.Debug|Any CPU.Build.0 = Debug|Any CPU
		{CF0D3166-2C4F-4591-9CA4-00C03FC7BC15}.Release|Any CPU.ActiveCfg = Release|Any CPU
		{CF0D3166-2C4F-4591-9CA4-00C03FC7BC15}.Release|Any CPU.Build.0 = Release|Any CPU
		{88DC9319-9BEE-4D5D-B50E-9F969BFED4AB}.Debug|Any CPU.ActiveCfg = Debug|Any CPU
		{88DC9319-9BEE-4D5D-B50E-9F969BFED4AB}.Debug|Any CPU.Build.0 = Debug|Any CPU
		{88DC9319-9BEE-4D5D-B50E-9F969BFED4AB}.Release|Any CPU.ActiveCfg = Release|Any CPU
		{88DC9319-9BEE-4D5D-B50E-9F969BFED4AB}.Release|Any CPU.Build.0 = Release|Any CPU
		{00E3A86A-8738-4AA8-950C-F58B09408177}.Debug|Any CPU.ActiveCfg = Debug|Any CPU
		{00E3A86A-8738-4AA8-950C-F58B09408177}.Debug|Any CPU.Build.0 = Debug|Any CPU
		{00E3A86A-8738-4AA8-950C-F58B09408177}.Release|Any CPU.ActiveCfg = Release|Any CPU
		{00E3A86A-8738-4AA8-950C-F58B09408177}.Release|Any CPU.Build.0 = Release|Any CPU
		{3A240D68-826A-4271-8CA5-C9058B6B6B8A}.Debug|Any CPU.ActiveCfg = Debug|Any CPU
		{3A240D68-826A-4271-8CA5-C9058B6B6B8A}.Debug|Any CPU.Build.0 = Debug|Any CPU
		{3A240D68-826A-4271-8CA5-C9058B6B6B8A}.Release|Any CPU.ActiveCfg = Release|Any CPU
		{3A240D68-826A-4271-8CA5-C9058B6B6B8A}.Release|Any CPU.Build.0 = Release|Any CPU
		{C212334F-94B2-4902-ADBB-D4E1B38BC63E}.Debug|Any CPU.ActiveCfg = Debug|Any CPU
		{C212334F-94B2-4902-ADBB-D4E1B38BC63E}.Debug|Any CPU.Build.0 = Debug|Any CPU
		{C212334F-94B2-4902-ADBB-D4E1B38BC63E}.Release|Any CPU.ActiveCfg = Release|Any CPU
		{C212334F-94B2-4902-ADBB-D4E1B38BC63E}.Release|Any CPU.Build.0 = Release|Any CPU
		{F11D4D96-C910-4EBA-A938-6DCF5B78153C}.Debug|Any CPU.ActiveCfg = Debug|Any CPU
		{F11D4D96-C910-4EBA-A938-6DCF5B78153C}.Debug|Any CPU.Build.0 = Debug|Any CPU
		{F11D4D96-C910-4EBA-A938-6DCF5B78153C}.Release|Any CPU.ActiveCfg = Release|Any CPU
		{F11D4D96-C910-4EBA-A938-6DCF5B78153C}.Release|Any CPU.Build.0 = Release|Any CPU
		{79C9A428-68D6-4078-BB77-C2EEE7468F6C}.Debug|Any CPU.ActiveCfg = Debug|Any CPU
		{79C9A428-68D6-4078-BB77-C2EEE7468F6C}.Debug|Any CPU.Build.0 = Debug|Any CPU
		{79C9A428-68D6-4078-BB77-C2EEE7468F6C}.Release|Any CPU.ActiveCfg = Release|Any CPU
		{79C9A428-68D6-4078-BB77-C2EEE7468F6C}.Release|Any CPU.Build.0 = Release|Any CPU
		{BF01F812-9A3C-429D-AD90-A6BBC1FA3509}.Debug|Any CPU.ActiveCfg = Debug|Any CPU
		{BF01F812-9A3C-429D-AD90-A6BBC1FA3509}.Debug|Any CPU.Build.0 = Debug|Any CPU
		{BF01F812-9A3C-429D-AD90-A6BBC1FA3509}.Release|Any CPU.ActiveCfg = Release|Any CPU
		{BF01F812-9A3C-429D-AD90-A6BBC1FA3509}.Release|Any CPU.Build.0 = Release|Any CPU
		{7823FFB8-261A-40A6-9C82-1A9059581567}.Debug|Any CPU.ActiveCfg = Debug|Any CPU
		{7823FFB8-261A-40A6-9C82-1A9059581567}.Debug|Any CPU.Build.0 = Debug|Any CPU
		{7823FFB8-261A-40A6-9C82-1A9059581567}.Release|Any CPU.ActiveCfg = Release|Any CPU
		{7823FFB8-261A-40A6-9C82-1A9059581567}.Release|Any CPU.Build.0 = Release|Any CPU
		{EF15477A-3CAB-44DF-8D0A-C28FC7A7B830}.Debug|Any CPU.ActiveCfg = Debug|Any CPU
		{EF15477A-3CAB-44DF-8D0A-C28FC7A7B830}.Debug|Any CPU.Build.0 = Debug|Any CPU
		{EF15477A-3CAB-44DF-8D0A-C28FC7A7B830}.Release|Any CPU.ActiveCfg = Release|Any CPU
		{EF15477A-3CAB-44DF-8D0A-C28FC7A7B830}.Release|Any CPU.Build.0 = Release|Any CPU
		{92885B42-2F76-447F-B41E-EC0ECDC761CC}.Debug|Any CPU.ActiveCfg = Debug|Any CPU
		{92885B42-2F76-447F-B41E-EC0ECDC761CC}.Debug|Any CPU.Build.0 = Debug|Any CPU
		{92885B42-2F76-447F-B41E-EC0ECDC761CC}.Release|Any CPU.ActiveCfg = Release|Any CPU
		{92885B42-2F76-447F-B41E-EC0ECDC761CC}.Release|Any CPU.Build.0 = Release|Any CPU
		{698485D6-8232-4867-8CEC-DDA3A22AED41}.Debug|Any CPU.ActiveCfg = Debug|Any CPU
		{698485D6-8232-4867-8CEC-DDA3A22AED41}.Debug|Any CPU.Build.0 = Debug|Any CPU
		{698485D6-8232-4867-8CEC-DDA3A22AED41}.Release|Any CPU.ActiveCfg = Release|Any CPU
		{698485D6-8232-4867-8CEC-DDA3A22AED41}.Release|Any CPU.Build.0 = Release|Any CPU
		{E77B05ED-913A-4447-A9F3-29BB1BE142F3}.Debug|Any CPU.ActiveCfg = Debug|Any CPU
		{E77B05ED-913A-4447-A9F3-29BB1BE142F3}.Debug|Any CPU.Build.0 = Debug|Any CPU
		{E77B05ED-913A-4447-A9F3-29BB1BE142F3}.Release|Any CPU.ActiveCfg = Release|Any CPU
		{E77B05ED-913A-4447-A9F3-29BB1BE142F3}.Release|Any CPU.Build.0 = Release|Any CPU
		{9AE7F5BE-D0BF-4350-B72E-F63D12C84BB3}.Debug|Any CPU.ActiveCfg = Debug|Any CPU
		{9AE7F5BE-D0BF-4350-B72E-F63D12C84BB3}.Debug|Any CPU.Build.0 = Debug|Any CPU
		{9AE7F5BE-D0BF-4350-B72E-F63D12C84BB3}.Release|Any CPU.ActiveCfg = Release|Any CPU
		{9AE7F5BE-D0BF-4350-B72E-F63D12C84BB3}.Release|Any CPU.Build.0 = Release|Any CPU
		{A2072E0F-2802-48E6-A4F9-87B9EC92BDFE}.Debug|Any CPU.ActiveCfg = Debug|Any CPU
		{A2072E0F-2802-48E6-A4F9-87B9EC92BDFE}.Debug|Any CPU.Build.0 = Debug|Any CPU
		{A2072E0F-2802-48E6-A4F9-87B9EC92BDFE}.Release|Any CPU.ActiveCfg = Release|Any CPU
		{A2072E0F-2802-48E6-A4F9-87B9EC92BDFE}.Release|Any CPU.Build.0 = Release|Any CPU
		{F1703C73-62DD-4DF8-90BE-C66BC4317D7A}.Debug|Any CPU.ActiveCfg = Debug|Any CPU
		{F1703C73-62DD-4DF8-90BE-C66BC4317D7A}.Debug|Any CPU.Build.0 = Debug|Any CPU
		{F1703C73-62DD-4DF8-90BE-C66BC4317D7A}.Release|Any CPU.ActiveCfg = Release|Any CPU
		{F1703C73-62DD-4DF8-90BE-C66BC4317D7A}.Release|Any CPU.Build.0 = Release|Any CPU
	EndGlobalSection
	GlobalSection(SolutionProperties) = preSolution
		HideSolutionNode = FALSE
	EndGlobalSection
	GlobalSection(ExtensibilityGlobals) = postSolution
		SolutionGuid = {5E38B0D5-A12E-4F10-84F7-1AB5473EF486}
	EndGlobalSection
EndGlobal
