
Microsoft Visual Studio Solution File, Format Version 12.00
# Visual Studio 15
VisualStudioVersion = 15.0.27703.2026
MinimumVisualStudioVersion = 10.0.40219.1
Project("{9A19103F-16F7-4668-BE54-9A1E7A4F7556}") = "AWMSModel", "AWMSModel\AWMSModel.csproj", "{1803CE9F-D41C-49B7-B680-9DCBAEA9B924}"
EndProject
Project("{9A19103F-16F7-4668-BE54-9A1E7A4F7556}") = "AMWUtil", "AMWUtil\AMWUtil.csproj", "{9272C686-D314-472C-B64C-D915AB51C5CB}"
EndProject
Project("{FAE04EC0-301F-11D3-BF4B-00C04F79EFBC}") = "AWMSEngine", "AWMSEngine\AWMSEngine.csproj", "{CF0D3166-2C4F-4591-9CA4-00C03FC7BC15}"
EndProject
Project("{FAE04EC0-301F-11D3-BF4B-00C04F79EFBC}") = "UnitTestProject1", "UnitTestProject1\UnitTestProject1.csproj", "{88DC9319-9BEE-4D5D-B50E-9F969BFED4AB}"
EndProject
Global
	GlobalSection(SolutionConfigurationPlatforms) = preSolution
		Debug|Any CPU = Debug|Any CPU
		Release|Any CPU = Release|Any CPU
	EndGlobalSection
	GlobalSection(ProjectConfigurationPlatforms) = postSolution
		{1803CE9F-D41C-49B7-B680-9DCBAEA9B924}.Debug|Any CPU.ActiveCfg = Debug|Any CPU
		{1803CE9F-D41C-49B7-B680-9DCBAEA9B924}.Debug|Any CPU.Build.0 = Debug|Any CPU
		{1803CE9F-D41C-49B7-B680-9DCBAEA9B924}.Release|Any CPU.ActiveCfg = Release|Any CPU
		{1803CE9F-D41C-49B7-B680-9DCBAEA9B924}.Release|Any CPU.Build.0 = Release|Any CPU
		{9272C686-D314-472C-B64C-D915AB51C5CB}.Debug|Any CPU.ActiveCfg = Debug|Any CPU
		{9272C686-D314-472C-B64C-D915AB51C5CB}.Debug|Any CPU.Build.0 = Debug|Any CPU
		{9272C686-D314-472C-B64C-D915AB51C5CB}.Release|Any CPU.ActiveCfg = Release|Any CPU
		{9272C686-D314-472C-B64C-D915AB51C5CB}.Release|Any CPU.Build.0 = Release|Any CPU
		{CF0D3166-2C4F-4591-9CA4-00C03FC7BC15}.Debug|Any CPU.ActiveCfg = Debug|Any CPU
		{CF0D3166-2C4F-4591-9CA4-00C03FC7BC15}.Debug|Any CPU.Build.0 = Debug|Any CPU
		{CF0D3166-2C4F-4591-9CA4-00C03FC7BC15}.Release|Any CPU.ActiveCfg = Release|Any CPU
		{CF0D3166-2C4F-4591-9CA4-00C03FC7BC15}.Release|Any CPU.Build.0 = Release|Any CPU
		{88DC9319-9BEE-4D5D-B50E-9F969BFED4AB}.Debug|Any CPU.ActiveCfg = Debug|Any CPU
		{88DC9319-9BEE-4D5D-B50E-9F969BFED4AB}.Debug|Any CPU.Build.0 = Debug|Any CPU
		{88DC9319-9BEE-4D5D-B50E-9F969BFED4AB}.Release|Any CPU.ActiveCfg = Release|Any CPU
		{88DC9319-9BEE-4D5D-B50E-9F969BFED4AB}.Release|Any CPU.Build.0 = Release|Any CPU
	EndGlobalSection
	GlobalSection(SolutionProperties) = preSolution
		HideSolutionNode = FALSE
	EndGlobalSection
	GlobalSection(ExtensibilityGlobals) = postSolution
		SolutionGuid = {5E38B0D5-A12E-4F10-84F7-1AB5473EF486}
	EndGlobalSection
EndGlobal
