
Microsoft Visual Studio Solution File, Format Version 12.00
# Visual Studio 15
VisualStudioVersion = 15.0.27703.2026
MinimumVisualStudioVersion = 10.0.40219.1
Project("{9A19103F-16F7-4668-BE54-9A1E7A4F7556}") = "AWMSEngine", "AWMSEngine\AWMSEngine.csproj", "{CF0D3166-2C4F-4591-9CA4-00C03FC7BC15}"
EndProject
Project("{9A19103F-16F7-4668-BE54-9A1E7A4F7556}") = "UnitTestProject1", "UnitTestProject1\UnitTestProject1.csproj", "{88DC9319-9BEE-4D5D-B50E-9F969BFED4AB}"
EndProject
Project("{9A19103F-16F7-4668-BE54-9A1E7A4F7556}") = "MyTest2", "MyTest2\MyTest2.csproj", "{00E3A86A-8738-4AA8-950C-F58B09408177}"
EndProject
Project("{9A19103F-16F7-4668-BE54-9A1E7A4F7556}") = "PanKanProject", "PanKanProject\PanKanProject.csproj", "{6346AF2B-5424-4CE6-8476-30923933211D}"
EndProject
Project("{9A19103F-16F7-4668-BE54-9A1E7A4F7556}") = "AMWUtil", "AMWUtil\AMWUtil.csproj", "{3A240D68-826A-4271-8CA5-C9058B6B6B8A}"
EndProject
Project("{9A19103F-16F7-4668-BE54-9A1E7A4F7556}") = "AWMSModel", "AWMSModel\AWMSModel.csproj", "{C212334F-94B2-4902-ADBB-D4E1B38BC63E}"
EndProject
Global
	GlobalSection(SolutionConfigurationPlatforms) = preSolution
		Debug|Any CPU = Debug|Any CPU
		Release|Any CPU = Release|Any CPU
	EndGlobalSection
	GlobalSection(ProjectConfigurationPlatforms) = postSolution
		{CF0D3166-2C4F-4591-9CA4-00C03FC7BC15}.Debug|Any CPU.ActiveCfg = Debug|Any CPU
		{CF0D3166-2C4F-4591-9CA4-00C03FC7BC15}.Debug|Any CPU.Build.0 = Debug|Any CPU
		{CF0D3166-2C4F-4591-9CA4-00C03FC7BC15}.Release|Any CPU.ActiveCfg = Release|Any CPU
		{CF0D3166-2C4F-4591-9CA4-00C03FC7BC15}.Release|Any CPU.Build.0 = Release|Any CPU
		{88DC9319-9BEE-4D5D-B50E-9F969BFED4AB}.Debug|Any CPU.ActiveCfg = Debug|Any CPU
		{88DC9319-9BEE-4D5D-B50E-9F969BFED4AB}.Debug|Any CPU.Build.0 = Debug|Any CPU
		{88DC9319-9BEE-4D5D-B50E-9F969BFED4AB}.Release|Any CPU.ActiveCfg = Release|Any CPU
		{88DC9319-9BEE-4D5D-B50E-9F969BFED4AB}.Release|Any CPU.Build.0 = Release|Any CPU
		{00E3A86A-8738-4AA8-950C-F58B09408177}.Debug|Any CPU.ActiveCfg = Debug|Any CPU
		{00E3A86A-8738-4AA8-950C-F58B09408177}.Debug|Any CPU.Build.0 = Debug|Any CPU
		{00E3A86A-8738-4AA8-950C-F58B09408177}.Release|Any CPU.ActiveCfg = Release|Any CPU
		{00E3A86A-8738-4AA8-950C-F58B09408177}.Release|Any CPU.Build.0 = Release|Any CPU
		{6346AF2B-5424-4CE6-8476-30923933211D}.Debug|Any CPU.ActiveCfg = Debug|Any CPU
		{6346AF2B-5424-4CE6-8476-30923933211D}.Debug|Any CPU.Build.0 = Debug|Any CPU
		{6346AF2B-5424-4CE6-8476-30923933211D}.Release|Any CPU.ActiveCfg = Release|Any CPU
		{6346AF2B-5424-4CE6-8476-30923933211D}.Release|Any CPU.Build.0 = Release|Any CPU
		{3A240D68-826A-4271-8CA5-C9058B6B6B8A}.Debug|Any CPU.ActiveCfg = Debug|Any CPU
		{3A240D68-826A-4271-8CA5-C9058B6B6B8A}.Debug|Any CPU.Build.0 = Debug|Any CPU
		{3A240D68-826A-4271-8CA5-C9058B6B6B8A}.Release|Any CPU.ActiveCfg = Release|Any CPU
		{3A240D68-826A-4271-8CA5-C9058B6B6B8A}.Release|Any CPU.Build.0 = Release|Any CPU
		{C212334F-94B2-4902-ADBB-D4E1B38BC63E}.Debug|Any CPU.ActiveCfg = Debug|Any CPU
		{C212334F-94B2-4902-ADBB-D4E1B38BC63E}.Debug|Any CPU.Build.0 = Debug|Any CPU
		{C212334F-94B2-4902-ADBB-D4E1B38BC63E}.Release|Any CPU.ActiveCfg = Release|Any CPU
		{C212334F-94B2-4902-ADBB-D4E1B38BC63E}.Release|Any CPU.Build.0 = Release|Any CPU
	EndGlobalSection
	GlobalSection(SolutionProperties) = preSolution
		HideSolutionNode = FALSE
	EndGlobalSection
	GlobalSection(ExtensibilityGlobals) = postSolution
		SolutionGuid = {5E38B0D5-A12E-4F10-84F7-1AB5473EF486}
	EndGlobalSection
EndGlobal
